
Microsoft Visual Studio Solution File, Format Version 12.00
# Visual Studio 15
Project("{FAE04EC0-301F-11D3-BF4B-00C04F79EFBC}") = "Assembly-CSharp", "Assembly-CSharp.csproj", "{B2C2645F-4823-982B-8C82-C013BC9BDCB8}"
EndProject
Project("{FAE04EC0-301F-11D3-BF4B-00C04F79EFBC}") = "Assembly-CSharp-Editor", "Assembly-CSharp-Editor.csproj", "{2267B15F-5424-41F7-BDC7-12609C99927C}"
EndProject
Global
	GlobalSection(SolutionConfigurationPlatforms) = preSolution
		Debug|Any CPU = Debug|Any CPU
		Release|Any CPU = Release|Any CPU
	EndGlobalSection
	GlobalSection(ProjectConfigurationPlatforms) = postSolution
		{B2C2645F-4823-982B-8C82-C013BC9BDCB8}.Debug|Any CPU.ActiveCfg = Debug|Any CPU
		{B2C2645F-4823-982B-8C82-C013BC9BDCB8}.Debug|Any CPU.Build.0 = Debug|Any CPU
		{B2C2645F-4823-982B-8C82-C013BC9BDCB8}.Release|Any CPU.ActiveCfg = Release|Any CPU
		{B2C2645F-4823-982B-8C82-C013BC9BDCB8}.Release|Any CPU.Build.0 = Release|Any CPU
		{2267B15F-5424-41F7-BDC7-12609C99927C}.Debug|Any CPU.ActiveCfg = Debug|Any CPU
		{2267B15F-5424-41F7-BDC7-12609C99927C}.Debug|Any CPU.Build.0 = Debug|Any CPU
		{2267B15F-5424-41F7-BDC7-12609C99927C}.Release|Any CPU.ActiveCfg = Release|Any CPU
		{2267B15F-5424-41F7-BDC7-12609C99927C}.Release|Any CPU.Build.0 = Release|Any CPU
	EndGlobalSection
	GlobalSection(SolutionProperties) = preSolution
		HideSolutionNode = FALSE
	EndGlobalSection
EndGlobal
